{
  "name": "bindmove",
  "version": "2.0.0",
  "lockfileVersion": 3,
  "requires": true,
  "packages": {
    "": {
      "name": "bindmove",
      "version": "2.0.0",
      "license": "Unlicense",
      "dependencies": {
        "add-css-constructed": "^1.0.0"
      }
    },
    "node_modules/add-css-constructed": {
      "version": "1.0.0",
      "resolved": "https://registry.npmjs.org/add-css-constructed/-/add-css-constructed-1.0.0.tgz",
      "integrity": "sha512-0dT1LXgE8DH4RYom0Z150lB3PpEiGI+ZgPqVZ5alrLt84CM8iCg1h0iqn7WWP3wNHTpUIaZkCZaLCShVOyHMAA==",
      "license": "Unlicense"
    }
  }
}
