{
  "name": "play-video-streamed",
  "version": "5.6.0",
  "lockfileVersion": 3,
  "requires": true,
  "packages": {
    "": {
      "name": "play-video-streamed",
      "version": "5.6.0",
      "license": "MIT",
      "dependencies": {
        "mp4box": "^0.5.4"
      }
    },
    "node_modules/mp4box": {
      "version": "0.5.4",
      "resolved": "https://registry.npmjs.org/mp4box/-/mp4box-0.5.4.tgz",
      "integrity": "sha512-GcCH0fySxBurJtvr0dfhz0IxHZjc1RP+F+I8xw+LIwkU1a+7HJx8NCDiww1I5u4Hz6g4eR1JlGADEGJ9r4lSfA==",
      "license": "BSD-3-Clause"
    }
  }
}
