{
  "name": "resizable-widget",
  "version": "1.0.0",
  "lockfileVersion": 3,
  "requires": true,
  "packages": {
    "": {
      "name": "resizable-widget",
      "version": "1.0.0",
      "license": "Unlicense",
      "dependencies": {
        "bindmove": "^1.0.0",
        "dom-zindex-manager": "^1.0.0"
      }
    },
    "node_modules/bindmove": {
      "version": "1.0.0",
      "resolved": "https://registry.npmjs.org/bindmove/-/bindmove-1.0.0.tgz",
      "integrity": "sha512-7fLoyS49vtd4BHcMf/1qWYhXlJiv+ZpmvnB0S/RPDZllUFc7Uq5E7dPQN666t5JKgq3GVACp96TWUsCNCSY+og==",
      "license": "Unlicense"
    },
    "node_modules/dom-zindex-manager": {
      "version": "1.0.0",
      "resolved": "https://registry.npmjs.org/dom-zindex-manager/-/dom-zindex-manager-1.0.0.tgz",
      "integrity": "sha512-ObJbx5pxfuly2u3seUu8j6sSG3iwtxiU5lRIhJrZ0h6QTDHAvtAo8yRE9Rf4pk8mNikWoJ8c2aAh7WwA7EJnhQ==",
      "license": "Unlicense"
    }
  }
}
