{
  "name": "resizable-widget",
  "version": "1.1.0",
  "lockfileVersion": 3,
  "requires": true,
  "packages": {
    "": {
      "name": "resizable-widget",
      "version": "1.1.0",
      "license": "Unlicense",
      "dependencies": {
        "bindmove": "^1.0.1",
        "dom-zindex-manager": "^1.0.1"
      }
    },
    "node_modules/bindmove": {
      "version": "1.0.1",
      "resolved": "https://registry.npmjs.org/bindmove/-/bindmove-1.0.1.tgz",
      "integrity": "sha512-n8C+cwCZbb0aGDKY+ZGmrh92+BhFC1Cn1DWnW+lyNBOr/lHZAG8XuGt0yvg7DdMQNeoF4DvuiaRa4DvI3P0tZA==",
      "license": "Unlicense"
    },
    "node_modules/dom-zindex-manager": {
      "version": "1.0.1",
      "resolved": "https://registry.npmjs.org/dom-zindex-manager/-/dom-zindex-manager-1.0.1.tgz",
      "integrity": "sha512-hUG+BEK3xPdofka1Wsg/RIZNeCTy0ETydP8nDD1jDEGJ4e8mjooeq653Pz7bPpSncMij499FDZPSzmBDq2z/1g==",
      "license": "Unlicense"
    }
  }
}
